
Microsoft Visual Studio Solution File, Format Version 12.00
# Visual Studio 15
Project("{FAE04EC0-301F-11D3-BF4B-00C04F79EFBC}") = "Assembly-CSharp", "Assembly-CSharp.csproj", "{4FBCC0AD-C7ED-8A5B-84A8-A6DE37B9B2B9}"
EndProject
Global
	GlobalSection(SolutionConfigurationPlatforms) = preSolution
		Debug|Any CPU = Debug|Any CPU
		Release|Any CPU = Release|Any CPU
	EndGlobalSection
	GlobalSection(ProjectConfigurationPlatforms) = postSolution
		{4FBCC0AD-C7ED-8A5B-84A8-A6DE37B9B2B9}.Debug|Any CPU.ActiveCfg = Debug|Any CPU
		{4FBCC0AD-C7ED-8A5B-84A8-A6DE37B9B2B9}.Debug|Any CPU.Build.0 = Debug|Any CPU
		{4FBCC0AD-C7ED-8A5B-84A8-A6DE37B9B2B9}.Release|Any CPU.ActiveCfg = Release|Any CPU
		{4FBCC0AD-C7ED-8A5B-84A8-A6DE37B9B2B9}.Release|Any CPU.Build.0 = Release|Any CPU
	EndGlobalSection
	GlobalSection(SolutionProperties) = preSolution
		HideSolutionNode = FALSE
	EndGlobalSection
EndGlobal
